
Microsoft Visual Studio Solution File, Format Version 12.00
# Visual Studio Version 17
VisualStudioVersion = 17.8.34316.72
MinimumVisualStudioVersion = 10.0.40219.1
Project("{9A19103F-16F7-4668-BE54-9A1E7A4F7556}") = "SoftwareMind-Intern-Challenge", "SoftwareMind-Intern-Challenge.csproj", "{9E26D68D-EFBC-48EC-84D9-E2948F79CC78}"
EndProject
Project("{9A19103F-16F7-4668-BE54-9A1E7A4F7556}") = "SoftwareMind-Intern-ChallengeDTO", "..\SoftwareMind-Intern-ChallengeDTO\SoftwareMind-Intern-ChallengeDTO.csproj", "{EB451102-09BC-4C6C-ADAF-8EF1C6F787B1}"
EndProject
Project("{9A19103F-16F7-4668-BE54-9A1E7A4F7556}") = "SoftwareMind-Intern-ChallengeBL", "..\SoftwareMind-Intern-ChallengeBL\SoftwareMind-Intern-ChallengeBL.csproj", "{4DC51EB1-BC1E-4E19-97B5-580AE5409A36}"
EndProject
Project("{9A19103F-16F7-4668-BE54-9A1E7A4F7556}") = "SoftwareMind-Intern-Challenge-Api-Tests", "..\SoftwareMind-Intern-Challenge-Api-Tests\SoftwareMind-Intern-Challenge-Api-Tests.csproj", "{AF995B98-EE56-4159-B82A-B3ADC583278C}"
EndProject
Project("{2150E333-8FDC-42A3-9474-1A3956D46DE8}") = "Solution Items", "Solution Items", "{02C543A8-FDE0-4EAE-A0E1-BBE689ABD924}"
	ProjectSection(SolutionItems) = preProject
		.editorconfig = .editorconfig
	EndProjectSection
EndProject
Project("{54A90642-561A-4BB1-A94E-469ADEE60C69}") = "softwaremind-intern-challenge-ui", "..\softwaremind-intern-challenge-ui\softwaremind-intern-challenge-ui.esproj", "{5A83A8CB-3724-4F1F-BBCF-6A6F4C3B3E64}"
EndProject
Global
	GlobalSection(SolutionConfigurationPlatforms) = preSolution
		Debug|Any CPU = Debug|Any CPU
		Release|Any CPU = Release|Any CPU
	EndGlobalSection
	GlobalSection(ProjectConfigurationPlatforms) = postSolution
		{9E26D68D-EFBC-48EC-84D9-E2948F79CC78}.Debug|Any CPU.ActiveCfg = Debug|Any CPU
		{9E26D68D-EFBC-48EC-84D9-E2948F79CC78}.Debug|Any CPU.Build.0 = Debug|Any CPU
		{9E26D68D-EFBC-48EC-84D9-E2948F79CC78}.Release|Any CPU.ActiveCfg = Release|Any CPU
		{9E26D68D-EFBC-48EC-84D9-E2948F79CC78}.Release|Any CPU.Build.0 = Release|Any CPU
		{EB451102-09BC-4C6C-ADAF-8EF1C6F787B1}.Debug|Any CPU.ActiveCfg = Debug|Any CPU
		{EB451102-09BC-4C6C-ADAF-8EF1C6F787B1}.Debug|Any CPU.Build.0 = Debug|Any CPU
		{EB451102-09BC-4C6C-ADAF-8EF1C6F787B1}.Release|Any CPU.ActiveCfg = Release|Any CPU
		{EB451102-09BC-4C6C-ADAF-8EF1C6F787B1}.Release|Any CPU.Build.0 = Release|Any CPU
		{4DC51EB1-BC1E-4E19-97B5-580AE5409A36}.Debug|Any CPU.ActiveCfg = Debug|Any CPU
		{4DC51EB1-BC1E-4E19-97B5-580AE5409A36}.Debug|Any CPU.Build.0 = Debug|Any CPU
		{4DC51EB1-BC1E-4E19-97B5-580AE5409A36}.Release|Any CPU.ActiveCfg = Release|Any CPU
		{4DC51EB1-BC1E-4E19-97B5-580AE5409A36}.Release|Any CPU.Build.0 = Release|Any CPU
		{AF995B98-EE56-4159-B82A-B3ADC583278C}.Debug|Any CPU.ActiveCfg = Debug|Any CPU
		{AF995B98-EE56-4159-B82A-B3ADC583278C}.Debug|Any CPU.Build.0 = Debug|Any CPU
		{AF995B98-EE56-4159-B82A-B3ADC583278C}.Release|Any CPU.ActiveCfg = Release|Any CPU
		{AF995B98-EE56-4159-B82A-B3ADC583278C}.Release|Any CPU.Build.0 = Release|Any CPU
		{5A83A8CB-3724-4F1F-BBCF-6A6F4C3B3E64}.Debug|Any CPU.ActiveCfg = Debug|Any CPU
		{5A83A8CB-3724-4F1F-BBCF-6A6F4C3B3E64}.Debug|Any CPU.Build.0 = Debug|Any CPU
		{5A83A8CB-3724-4F1F-BBCF-6A6F4C3B3E64}.Debug|Any CPU.Deploy.0 = Debug|Any CPU
		{5A83A8CB-3724-4F1F-BBCF-6A6F4C3B3E64}.Release|Any CPU.ActiveCfg = Release|Any CPU
		{5A83A8CB-3724-4F1F-BBCF-6A6F4C3B3E64}.Release|Any CPU.Build.0 = Release|Any CPU
		{5A83A8CB-3724-4F1F-BBCF-6A6F4C3B3E64}.Release|Any CPU.Deploy.0 = Release|Any CPU
	EndGlobalSection
	GlobalSection(SolutionProperties) = preSolution
		HideSolutionNode = FALSE
	EndGlobalSection
	GlobalSection(ExtensibilityGlobals) = postSolution
		SolutionGuid = {A5BF58EE-1789-402D-BAD2-84D5620A6204}
	EndGlobalSection
EndGlobal
